{
  "object": {
    "pins": [
      {
        "package": "SwiftSyntax",
        "repositoryURL": "https://github.com/apple/swift-syntax.git",
        "state": {
          "branch": null,
          "revision": "593d01f4017cf8b71ec28689629f7b9a6739df0b",
          "version": null
        }
      }
    ]
  },
  "version": 1
}
